{
  "version": 4,
  "terraform_version": "0.13.5",
  "serial": 27,
  "lineage": "49b70cb9-02d2-eed6-bc8a-6122bfe6dfbb",
  "outputs": {
    "web_url": {
      "value": "https://icaroribeiro-template-api.herokuapp.com/",
      "type": "string"
    }
  },
  "resources": [
    {
      "mode": "managed",
      "type": "heroku_addon",
      "name": "database",
      "provider": "provider[\"registry.terraform.io/heroku/heroku\"]",
      "instances": [
        {
          "schema_version": 2,
          "attributes": {
            "app": "icaroribeiro-template-api",
            "config": null,
            "config_vars": [
              "DATABASE_URL"
            ],
            "id": "95f5c13a-fdf3-4b81-b3d8-9dbbb2dda8a8",
            "name": "postgresql-flat-68722",
            "plan": "heroku-postgresql:hobby-dev",
            "provider_id": "24357608"
          },
          "private": "eyJzY2hlbWFfdmVyc2lvbiI6IjIifQ==",
          "dependencies": [
            "heroku_app.default"
          ]
        }
      ]
    },
    {
      "mode": "managed",
      "type": "heroku_app",
      "name": "default",
      "provider": "provider[\"registry.terraform.io/heroku/heroku\"]",
      "instances": [
        {
          "schema_version": 0,
          "attributes": {
            "acm": false,
            "all_config_vars": {},
            "buildpacks": [],
            "config_vars": {},
            "git_url": "https://git.heroku.com/icaroribeiro-template-api.git",
            "heroku_hostname": "icaroribeiro-template-api.herokuapp.com",
            "id": "icaroribeiro-template-api",
            "internal_routing": false,
            "name": "icaroribeiro-template-api",
            "organization": [],
            "region": "us",
            "sensitive_config_vars": {},
            "space": null,
            "stack": "container",
            "uuid": "d8fbc395-144b-44b3-a76f-35652cb47f28",
            "web_url": "https://icaroribeiro-template-api.herokuapp.com/"
          },
          "private": "bnVsbA=="
        }
      ]
    },
    {
      "mode": "managed",
      "type": "heroku_build",
      "name": "default",
      "provider": "provider[\"registry.terraform.io/heroku/heroku\"]",
      "instances": [
        {
          "schema_version": 0,
          "attributes": {
            "app": "icaroribeiro-template-api",
            "buildpacks": [],
            "id": "55800414-0c9e-4dac-8bca-00f159167ca6",
            "local_checksum": "SHA256:1b043d4568fcb0aa89967da600298fd21245954477bc66a3972b3a9608b1b5e2",
            "output_stream_url": "https://build-output.heroku.com/streams/d8/d8fbc395-144b-44b3-a76f-35652cb47f28/logs/55/55800414-0c9e-4dac-8bca-00f159167ca6.log?X-Amz-Algorithm=AWS4-HMAC-SHA256\u0026X-Amz-Credential=AKIAIQI6BAUWXGR4S77Q%2F20210829%2Fus-east-1%2Fs3%2Faws4_request\u0026X-Amz-Date=20210829T182757Z\u0026X-Amz-Expires=86400\u0026X-Amz-SignedHeaders=host\u0026X-Amz-Signature=eb881a0d5e0dcb6c644756bb76a25b83ac2f652742c65cad75d8f7d0d3452a61",
            "release_id": "e86b9d55-328d-4a71-bb4d-63d97efdd5bc",
            "slug_id": null,
            "source": [
              {
                "checksum": "",
                "path": "../app",
                "url": "",
                "version": ""
              }
            ],
            "stack": "container",
            "status": "succeeded",
            "user": [
              {
                "email": "icaroribeiro@hotmail.com",
                "id": "1008c883-0e02-401e-9518-ac5eace28257"
              }
            ],
            "uuid": "55800414-0c9e-4dac-8bca-00f159167ca6"
          },
          "private": "bnVsbA==",
          "dependencies": [
            "heroku_app.default"
          ]
        }
      ]
    }
  ]
}
